{
  "version": 4,
  "terraform_version": "1.1.2",
  "serial": 1,
  "lineage": "2c905d26-13ca-7da7-67a5-5e58cf1826ed",
  "outputs": {},
  "resources": [
    {
      "module": "module.aws_s3_bucket",
      "mode": "managed",
      "type": "aws_s3_bucket",
      "name": "this",
      "provider": "provider[\"registry.terraform.io/hashicorp/aws\"]",
      "instances": [
        {
          "schema_version": 0,
          "attributes": {
            "acceleration_status": "",
            "acl": "private",
            "arn": "arn:aws:s3:::shanu-prod-this-is-only-a-test-bucket-delete-me-123",
            "bucket": "shanu-prod-this-is-only-a-test-bucket-delete-me-123",
            "bucket_domain_name": "shanu-prod-this-is-only-a-test-bucket-delete-me-123.s3.amazonaws.com",
            "bucket_prefix": null,
            "bucket_regional_domain_name": "shanu-prod-this-is-only-a-test-bucket-delete-me-123.s3.amazonaws.com",
            "cors_rule": [],
            "force_destroy": false,
            "grant": [],
            "hosted_zone_id": "Z3AQBSTGFYJSTF",
            "id": "shanu-prod-this-is-only-a-test-bucket-delete-me-123",
            "lifecycle_rule": [],
            "logging": [],
            "object_lock_configuration": [],
            "policy": null,
            "region": "us-east-1",
            "replication_configuration": [],
            "request_payer": "BucketOwner",
            "server_side_encryption_configuration": [
              {
                "rule": [
                  {
                    "apply_server_side_encryption_by_default": [
                      {
                        "kms_master_key_id": "",
                        "sse_algorithm": "AES256"
                      }
                    ],
                    "bucket_key_enabled": false
                  }
                ]
              }
            ],
            "tags": {
              "environment": "prod",
              "project": "data"
            },
            "tags_all": {
              "environment": "prod",
              "project": "data"
            },
            "versioning": [
              {
                "enabled": true,
                "mfa_delete": false
              }
            ],
            "website": [],
            "website_domain": null,
            "website_endpoint": null
          },
          "sensitive_attributes": [],
          "private": "bnVsbA=="
        }
      ]
    }
  ]
}
